
Microsoft Visual Studio Solution File, Format Version 12.00
# Visual Studio Version 17
VisualStudioVersion = 17.8.34330.188
MinimumVisualStudioVersion = 10.0.40219.1
Project("{9A19103F-16F7-4668-BE54-9A1E7A4F7556}") = "FuegoWeb", "FuegoWeb\FuegoWeb.csproj", "{1088EC5C-705C-496B-90FE-D999C2D589D8}"
EndProject
Project("{9A19103F-16F7-4668-BE54-9A1E7A4F7556}") = "Data", "Data\Data.csproj", "{5AFED190-6614-4C1C-8372-E764519BAA76}"
EndProject
Project("{9A19103F-16F7-4668-BE54-9A1E7A4F7556}") = "Services", "Services\Services.csproj", "{81269E3C-4942-4DA8-84A6-7EAFB869EF62}"
EndProject
Project("{9A19103F-16F7-4668-BE54-9A1E7A4F7556}") = "Models", "Models\Models.csproj", "{68F15875-DC7C-4EDF-B540-31ADF23BF85E}"
EndProject
Project("{9A19103F-16F7-4668-BE54-9A1E7A4F7556}") = "Exceptions", "Exceptions\Exceptions.csproj", "{642AD543-0529-4F26-88BC-19FE0C3F2F1E}"
EndProject
Global
	GlobalSection(SolutionConfigurationPlatforms) = preSolution
		Debug|Any CPU = Debug|Any CPU
		Release|Any CPU = Release|Any CPU
	EndGlobalSection
	GlobalSection(ProjectConfigurationPlatforms) = postSolution
		{1088EC5C-705C-496B-90FE-D999C2D589D8}.Debug|Any CPU.ActiveCfg = Debug|Any CPU
		{1088EC5C-705C-496B-90FE-D999C2D589D8}.Debug|Any CPU.Build.0 = Debug|Any CPU
		{1088EC5C-705C-496B-90FE-D999C2D589D8}.Release|Any CPU.ActiveCfg = Release|Any CPU
		{1088EC5C-705C-496B-90FE-D999C2D589D8}.Release|Any CPU.Build.0 = Release|Any CPU
		{5AFED190-6614-4C1C-8372-E764519BAA76}.Debug|Any CPU.ActiveCfg = Debug|Any CPU
		{5AFED190-6614-4C1C-8372-E764519BAA76}.Debug|Any CPU.Build.0 = Debug|Any CPU
		{5AFED190-6614-4C1C-8372-E764519BAA76}.Release|Any CPU.ActiveCfg = Release|Any CPU
		{5AFED190-6614-4C1C-8372-E764519BAA76}.Release|Any CPU.Build.0 = Release|Any CPU
		{81269E3C-4942-4DA8-84A6-7EAFB869EF62}.Debug|Any CPU.ActiveCfg = Debug|Any CPU
		{81269E3C-4942-4DA8-84A6-7EAFB869EF62}.Debug|Any CPU.Build.0 = Debug|Any CPU
		{81269E3C-4942-4DA8-84A6-7EAFB869EF62}.Release|Any CPU.ActiveCfg = Release|Any CPU
		{81269E3C-4942-4DA8-84A6-7EAFB869EF62}.Release|Any CPU.Build.0 = Release|Any CPU
		{68F15875-DC7C-4EDF-B540-31ADF23BF85E}.Debug|Any CPU.ActiveCfg = Debug|Any CPU
		{68F15875-DC7C-4EDF-B540-31ADF23BF85E}.Debug|Any CPU.Build.0 = Debug|Any CPU
		{68F15875-DC7C-4EDF-B540-31ADF23BF85E}.Release|Any CPU.ActiveCfg = Release|Any CPU
		{68F15875-DC7C-4EDF-B540-31ADF23BF85E}.Release|Any CPU.Build.0 = Release|Any CPU
		{642AD543-0529-4F26-88BC-19FE0C3F2F1E}.Debug|Any CPU.ActiveCfg = Debug|Any CPU
		{642AD543-0529-4F26-88BC-19FE0C3F2F1E}.Debug|Any CPU.Build.0 = Debug|Any CPU
		{642AD543-0529-4F26-88BC-19FE0C3F2F1E}.Release|Any CPU.ActiveCfg = Release|Any CPU
		{642AD543-0529-4F26-88BC-19FE0C3F2F1E}.Release|Any CPU.Build.0 = Release|Any CPU
	EndGlobalSection
	GlobalSection(SolutionProperties) = preSolution
		HideSolutionNode = FALSE
	EndGlobalSection
	GlobalSection(ExtensibilityGlobals) = postSolution
		SolutionGuid = {7B4B3C90-31DE-4158-B0C3-EEBB0FB89483}
	EndGlobalSection
EndGlobal
